lockfileVersion: '6.0'

settings:
  autoInstallPeers: true
  excludeLinksFromLockfile: false

dependencies:
  '@aws-sdk/client-cognito-identity-provider':
    specifier: ^3.429.0
    version: 3.429.0
  dotenv:
    specifier: ^16.3.1
    version: 16.3.1

devDependencies:
  '@types/node':
    specifier: ^18.18.5
    version: 18.18.5
  ts-node:
    specifier: ^10.9.1
    version: 10.9.1(@types/node@18.18.5)(typescript@5.2.2)
  typescript:
    specifier: ^5.2.2
    version: 5.2.2

packages:

  /@aws-crypto/crc32@3.0.0:
    resolution: {integrity: sha512-IzSgsrxUcsrejQbPVilIKy16kAT52EwB6zSaI+M3xxIhKh5+aldEyvI+z6erM7TCLB2BJsFrtHjp6/4/sr+3dA==}
    dependencies:
      '@aws-crypto/util': 3.0.0
      '@aws-sdk/types': 3.428.0
      tslib: 1.14.1
    dev: false

  /@aws-crypto/ie11-detection@3.0.0:
    resolution: {integrity: sha512-341lBBkiY1DfDNKai/wXM3aujNBkXR7tq1URPQDL9wi3AUbI80NR74uF1TXHMm7po1AcnFk8iu2S2IeU/+/A+Q==}
    dependencies:
      tslib: 1.14.1
    dev: false

  /@aws-crypto/sha256-browser@3.0.0:
    resolution: {integrity: sha512-8VLmW2B+gjFbU5uMeqtQM6Nj0/F1bro80xQXCW6CQBWgosFWXTx77aeOF5CAIAmbOK64SdMBJdNr6J41yP5mvQ==}
    dependencies:
      '@aws-crypto/ie11-detection': 3.0.0
      '@aws-crypto/sha256-js': 3.0.0
      '@aws-crypto/supports-web-crypto': 3.0.0
      '@aws-crypto/util': 3.0.0
      '@aws-sdk/types': 3.428.0
      '@aws-sdk/util-locate-window': 3.310.0
      '@aws-sdk/util-utf8-browser': 3.259.0
      tslib: 1.14.1
    dev: false

  /@aws-crypto/sha256-js@3.0.0:
    resolution: {integrity: sha512-PnNN7os0+yd1XvXAy23CFOmTbMaDxgxXtTKHybrJ39Y8kGzBATgBFibWJKH6BhytLI/Zyszs87xCOBNyBig6vQ==}
    dependencies:
      '@aws-crypto/util': 3.0.0
      '@aws-sdk/types': 3.428.0
      tslib: 1.14.1
    dev: false

  /@aws-crypto/supports-web-crypto@3.0.0:
    resolution: {integrity: sha512-06hBdMwUAb2WFTuGG73LSC0wfPu93xWwo5vL2et9eymgmu3Id5vFAHBbajVWiGhPO37qcsdCap/FqXvJGJWPIg==}
    dependencies:
      tslib: 1.14.1
    dev: false

  /@aws-crypto/util@3.0.0:
    resolution: {integrity: sha512-2OJlpeJpCR48CC8r+uKVChzs9Iungj9wkZrl8Z041DWEWvyIHILYKCPNzJghKsivj+S3mLo6BVc7mBNzdxA46w==}
    dependencies:
      '@aws-sdk/types': 3.428.0
      '@aws-sdk/util-utf8-browser': 3.259.0
      tslib: 1.14.1
    dev: false

  /@aws-sdk/client-cognito-identity-provider@3.429.0:
    resolution: {integrity: sha512-Dz2EBonnnaZjwIpZa5smVzekKdPJUNt+16C/v0cSP6szYrijw1+V29K335jYY6e7kBuXYrfl6UhKfbXG3bjFVA==}
    engines: {node: '>=14.0.0'}
    dependencies:
      '@aws-crypto/sha256-browser': 3.0.0
      '@aws-crypto/sha256-js': 3.0.0
      '@aws-sdk/client-sts': 3.429.0
      '@aws-sdk/credential-provider-node': 3.429.0
      '@aws-sdk/middleware-host-header': 3.429.0
      '@aws-sdk/middleware-logger': 3.428.0
      '@aws-sdk/middleware-recursion-detection': 3.428.0
      '@aws-sdk/middleware-signing': 3.428.0
      '@aws-sdk/middleware-user-agent': 3.428.0
      '@aws-sdk/region-config-resolver': 3.428.0
      '@aws-sdk/types': 3.428.0
      '@aws-sdk/util-endpoints': 3.428.0
      '@aws-sdk/util-user-agent-browser': 3.428.0
      '@aws-sdk/util-user-agent-node': 3.428.0
      '@smithy/config-resolver': 2.0.15
      '@smithy/fetch-http-handler': 2.2.3
      '@smithy/hash-node': 2.0.11
      '@smithy/invalid-dependency': 2.0.11
      '@smithy/middleware-content-length': 2.0.13
      '@smithy/middleware-endpoint': 2.1.2
      '@smithy/middleware-retry': 2.0.17
      '@smithy/middleware-serde': 2.0.11
      '@smithy/middleware-stack': 2.0.5
      '@smithy/node-config-provider': 2.1.2
      '@smithy/node-http-handler': 2.1.7
      '@smithy/protocol-http': 3.0.7
      '@smithy/smithy-client': 2.1.11
      '@smithy/types': 2.3.5
      '@smithy/url-parser': 2.0.11
      '@smithy/util-base64': 2.0.0
      '@smithy/util-body-length-browser': 2.0.0
      '@smithy/util-body-length-node': 2.1.0
      '@smithy/util-defaults-mode-browser': 2.0.15
      '@smithy/util-defaults-mode-node': 2.0.20
      '@smithy/util-retry': 2.0.4
      '@smithy/util-utf8': 2.0.0
      tslib: 2.6.2
    transitivePeerDependencies:
      - aws-crt
    dev: false

  /@aws-sdk/client-sso@3.429.0:
    resolution: {integrity: sha512-Bz802NpXUrFI1KB9uu1GwCbmi0xpw+GY6+TIyaGTXbGQjg4fYOJQLUtMxmb1c1/qUTZX/x5qetF3QBwgpBbLug==}
    engines: {node: '>=14.0.0'}
    dependencies:
      '@aws-crypto/sha256-browser': 3.0.0
      '@aws-crypto/sha256-js': 3.0.0
      '@aws-sdk/middleware-host-header': 3.429.0
      '@aws-sdk/middleware-logger': 3.428.0
      '@aws-sdk/middleware-recursion-detection': 3.428.0
      '@aws-sdk/middleware-user-agent': 3.428.0
      '@aws-sdk/region-config-resolver': 3.428.0
      '@aws-sdk/types': 3.428.0
      '@aws-sdk/util-endpoints': 3.428.0
      '@aws-sdk/util-user-agent-browser': 3.428.0
      '@aws-sdk/util-user-agent-node': 3.428.0
      '@smithy/config-resolver': 2.0.15
      '@smithy/fetch-http-handler': 2.2.3
      '@smithy/hash-node': 2.0.11
      '@smithy/invalid-dependency': 2.0.11
      '@smithy/middleware-content-length': 2.0.13
      '@smithy/middleware-endpoint': 2.1.2
      '@smithy/middleware-retry': 2.0.17
      '@smithy/middleware-serde': 2.0.11
      '@smithy/middleware-stack': 2.0.5
      '@smithy/node-config-provider': 2.1.2
      '@smithy/node-http-handler': 2.1.7
      '@smithy/protocol-http': 3.0.7
      '@smithy/smithy-client': 2.1.11
      '@smithy/types': 2.3.5
      '@smithy/url-parser': 2.0.11
      '@smithy/util-base64': 2.0.0
      '@smithy/util-body-length-browser': 2.0.0
      '@smithy/util-body-length-node': 2.1.0
      '@smithy/util-defaults-mode-browser': 2.0.15
      '@smithy/util-defaults-mode-node': 2.0.20
      '@smithy/util-retry': 2.0.4
      '@smithy/util-utf8': 2.0.0
      tslib: 2.6.2
    transitivePeerDependencies:
      - aws-crt
    dev: false

  /@aws-sdk/client-sts@3.429.0:
    resolution: {integrity: sha512-yNRYHXqGIYjEGlpaIll9zJDsVOQWjwbvR2zfTpUwEtN4I17k/psjLAsznfTbq/4tEftkpAJ2pNsVrkHUOmCewA==}
    engines: {node: '>=14.0.0'}
    dependencies:
      '@aws-crypto/sha256-browser': 3.0.0
      '@aws-crypto/sha256-js': 3.0.0
      '@aws-sdk/credential-provider-node': 3.429.0
      '@aws-sdk/middleware-host-header': 3.429.0
      '@aws-sdk/middleware-logger': 3.428.0
      '@aws-sdk/middleware-recursion-detection': 3.428.0
      '@aws-sdk/middleware-sdk-sts': 3.428.0
      '@aws-sdk/middleware-signing': 3.428.0
      '@aws-sdk/middleware-user-agent': 3.428.0
      '@aws-sdk/region-config-resolver': 3.428.0
      '@aws-sdk/types': 3.428.0
      '@aws-sdk/util-endpoints': 3.428.0
      '@aws-sdk/util-user-agent-browser': 3.428.0
      '@aws-sdk/util-user-agent-node': 3.428.0
      '@smithy/config-resolver': 2.0.15
      '@smithy/fetch-http-handler': 2.2.3
      '@smithy/hash-node': 2.0.11
      '@smithy/invalid-dependency': 2.0.11
      '@smithy/middleware-content-length': 2.0.13
      '@smithy/middleware-endpoint': 2.1.2
      '@smithy/middleware-retry': 2.0.17
      '@smithy/middleware-serde': 2.0.11
      '@smithy/middleware-stack': 2.0.5
      '@smithy/node-config-provider': 2.1.2
      '@smithy/node-http-handler': 2.1.7
      '@smithy/protocol-http': 3.0.7
      '@smithy/smithy-client': 2.1.11
      '@smithy/types': 2.3.5
      '@smithy/url-parser': 2.0.11
      '@smithy/util-base64': 2.0.0
      '@smithy/util-body-length-browser': 2.0.0
      '@smithy/util-body-length-node': 2.1.0
      '@smithy/util-defaults-mode-browser': 2.0.15
      '@smithy/util-defaults-mode-node': 2.0.20
      '@smithy/util-retry': 2.0.4
      '@smithy/util-utf8': 2.0.0
      fast-xml-parser: 4.2.5
      tslib: 2.6.2
    transitivePeerDependencies:
      - aws-crt
    dev: false

  /@aws-sdk/credential-provider-env@3.428.0:
    resolution: {integrity: sha512-e6fbY174Idzw0r5ZMT1qkDh+dpOp1DX3ickhr7J6ipo3cUGLI45Y5lnR9nYXWfB5o/wiNv4zXgN+Y3ORJJHzyA==}
    engines: {node: '>=14.0.0'}
    dependencies:
      '@aws-sdk/types': 3.428.0
      '@smithy/property-provider': 2.0.12
      '@smithy/types': 2.3.5
      tslib: 2.6.2
    dev: false

  /@aws-sdk/credential-provider-ini@3.429.0:
    resolution: {integrity: sha512-rG1ecwU/8KojyXsx80tK/b+DDGqSbReakOm/db5fx2RzVnkAGdH9fvPNrhjjHZ1wGbPrUtXGmHGXP3eqnylazg==}
    engines: {node: '>=14.0.0'}
    dependencies:
      '@aws-sdk/credential-provider-env': 3.428.0
      '@aws-sdk/credential-provider-process': 3.428.0
      '@aws-sdk/credential-provider-sso': 3.429.0
      '@aws-sdk/credential-provider-web-identity': 3.428.0
      '@aws-sdk/types': 3.428.0
      '@smithy/credential-provider-imds': 2.0.17
      '@smithy/property-provider': 2.0.12
      '@smithy/shared-ini-file-loader': 2.2.1
      '@smithy/types': 2.3.5
      tslib: 2.6.2
    transitivePeerDependencies:
      - aws-crt
    dev: false

  /@aws-sdk/credential-provider-node@3.429.0:
    resolution: {integrity: sha512-XaXCIeF8UWAvqzXX/UaBQhICjyIjRksjuP0xMW+A23Nu4yPjYufuHL9AR4i6MVYEKP3inXHGAS7N0t35A8acOw==}
    engines: {node: '>=14.0.0'}
    dependencies:
      '@aws-sdk/credential-provider-env': 3.428.0
      '@aws-sdk/credential-provider-ini': 3.429.0
      '@aws-sdk/credential-provider-process': 3.428.0
      '@aws-sdk/credential-provider-sso': 3.429.0
      '@aws-sdk/credential-provider-web-identity': 3.428.0
      '@aws-sdk/types': 3.428.0
      '@smithy/credential-provider-imds': 2.0.17
      '@smithy/property-provider': 2.0.12
      '@smithy/shared-ini-file-loader': 2.2.1
      '@smithy/types': 2.3.5
      tslib: 2.6.2
    transitivePeerDependencies:
      - aws-crt
    dev: false

  /@aws-sdk/credential-provider-process@3.428.0:
    resolution: {integrity: sha512-UG2S2/4Wrskbkbgt9fBlnzwQ2hfTXvLJwUgGOluSOf6+mGCcoDku4zzc9EQdk1MwN5Us+ziyMrIMNY5sbdLg6g==}
    engines: {node: '>=14.0.0'}
    dependencies:
      '@aws-sdk/types': 3.428.0
      '@smithy/property-provider': 2.0.12
      '@smithy/shared-ini-file-loader': 2.2.1
      '@smithy/types': 2.3.5
      tslib: 2.6.2
    dev: false

  /@aws-sdk/credential-provider-sso@3.429.0:
    resolution: {integrity: sha512-Nx3/18ZxV/trGz3HAQD6eGxO5Goqx3U5YR+CJsWPBh+4Jwkoo+HC5cyxq6cJIcZ5n75Wc4kPt7Im4ffVjTaJIg==}
    engines: {node: '>=14.0.0'}
    dependencies:
      '@aws-sdk/client-sso': 3.429.0
      '@aws-sdk/token-providers': 3.429.0
      '@aws-sdk/types': 3.428.0
      '@smithy/property-provider': 2.0.12
      '@smithy/shared-ini-file-loader': 2.2.1
      '@smithy/types': 2.3.5
      tslib: 2.6.2
    transitivePeerDependencies:
      - aws-crt
    dev: false

  /@aws-sdk/credential-provider-web-identity@3.428.0:
    resolution: {integrity: sha512-ueuUPPlrJFvtDUVTGnClUGt1wxCbEiKArknah/w9cfcc/c1HtFd/M7x/z2Sm0gSItR45sVcK54qjzmhm29DMzg==}
    engines: {node: '>=14.0.0'}
    dependencies:
      '@aws-sdk/types': 3.428.0
      '@smithy/property-provider': 2.0.12
      '@smithy/types': 2.3.5
      tslib: 2.6.2
    dev: false

  /@aws-sdk/middleware-host-header@3.429.0:
    resolution: {integrity: sha512-3v9WoDCmbfH28znQ43cQLvLlm8fhJFIDJLW19moFI8QbXMv85yojGEphBMlT2XZUw79+tyh7GWLFaNugYZ1o9A==}
    engines: {node: '>=14.0.0'}
    dependencies:
      '@aws-sdk/types': 3.428.0
      '@smithy/protocol-http': 3.0.7
      '@smithy/types': 2.3.5
      tslib: 2.6.2
    dev: false

  /@aws-sdk/middleware-logger@3.428.0:
    resolution: {integrity: sha512-1P0V0quL9u2amdNOn6yYT7/ToQUmkLJqCKHPxsRyDB829vBThWndvvH5MkoItj/VgE1zWqMtrzN3xtzD7zx6Qg==}
    engines: {node: '>=14.0.0'}
    dependencies:
      '@aws-sdk/types': 3.428.0
      '@smithy/types': 2.3.5
      tslib: 2.6.2
    dev: false

  /@aws-sdk/middleware-recursion-detection@3.428.0:
    resolution: {integrity: sha512-xC0OMduCByyRdiQz324RXy4kunnCG4LUJCfvdoegM33Elp9ex0D3fcfO1mUgV8qiLwSennIsSRVXHuhNxE2HZA==}
    engines: {node: '>=14.0.0'}
    dependencies:
      '@aws-sdk/types': 3.428.0
      '@smithy/protocol-http': 3.0.7
      '@smithy/types': 2.3.5
      tslib: 2.6.2
    dev: false

  /@aws-sdk/middleware-sdk-sts@3.428.0:
    resolution: {integrity: sha512-Uutl2niYXTnNP8v84v6umWDHD5no7d5/OqkZE1DsmeKR/dje90J5unJWf7MOsqvYm0JGDEWF4lk9xGVyqsw+Aw==}
    engines: {node: '>=14.0.0'}
    dependencies:
      '@aws-sdk/middleware-signing': 3.428.0
      '@aws-sdk/types': 3.428.0
      '@smithy/types': 2.3.5
      tslib: 2.6.2
    dev: false

  /@aws-sdk/middleware-signing@3.428.0:
    resolution: {integrity: sha512-oMSerTPwtsQAR7fIU/G0b0BA30wF+MC4gZSrJjbypF8MK8nPC2yMfKLR8+QavGOGEW7rUMQ0uklThMTTwQEXNQ==}
    engines: {node: '>=14.0.0'}
    dependencies:
      '@aws-sdk/types': 3.428.0
      '@smithy/property-provider': 2.0.12
      '@smithy/protocol-http': 3.0.7
      '@smithy/signature-v4': 2.0.11
      '@smithy/types': 2.3.5
      '@smithy/util-middleware': 2.0.4
      tslib: 2.6.2
    dev: false

  /@aws-sdk/middleware-user-agent@3.428.0:
    resolution: {integrity: sha512-+GAhObeHRick2D5jr3YkPckjcggt5v6uUVtEUQW2AdD65cE5PjIvmksv6FuM/mME/9nNA+wufQnHbLI8teLeaw==}
    engines: {node: '>=14.0.0'}
    dependencies:
      '@aws-sdk/types': 3.428.0
      '@aws-sdk/util-endpoints': 3.428.0
      '@smithy/protocol-http': 3.0.7
      '@smithy/types': 2.3.5
      tslib: 2.6.2
    dev: false

  /@aws-sdk/region-config-resolver@3.428.0:
    resolution: {integrity: sha512-VqyHZ/Hoz3WrXXMx8cAhFBl8IpjodbRsTjBI117QPq1YRCegxNdGvqmGZnJj8N2Ef9MP1iU30ZWQB+sviDcogA==}
    engines: {node: '>=14.0.0'}
    dependencies:
      '@smithy/node-config-provider': 2.1.2
      '@smithy/types': 2.3.5
      '@smithy/util-config-provider': 2.0.0
      '@smithy/util-middleware': 2.0.4
      tslib: 2.6.2
    dev: false

  /@aws-sdk/token-providers@3.429.0:
    resolution: {integrity: sha512-1Lp5XW/aSHekMURfcoxhWR2ig0UlesD0wC1kcdrkhZGCPtvCE0VzMqgTmYkwtPKOWfRQf0qfu468ohBHBmzHdA==}
    engines: {node: '>=14.0.0'}
    dependencies:
      '@aws-crypto/sha256-browser': 3.0.0
      '@aws-crypto/sha256-js': 3.0.0
      '@aws-sdk/middleware-host-header': 3.429.0
      '@aws-sdk/middleware-logger': 3.428.0
      '@aws-sdk/middleware-recursion-detection': 3.428.0
      '@aws-sdk/middleware-user-agent': 3.428.0
      '@aws-sdk/types': 3.428.0
      '@aws-sdk/util-endpoints': 3.428.0
      '@aws-sdk/util-user-agent-browser': 3.428.0
      '@aws-sdk/util-user-agent-node': 3.428.0
      '@smithy/config-resolver': 2.0.15
      '@smithy/fetch-http-handler': 2.2.3
      '@smithy/hash-node': 2.0.11
      '@smithy/invalid-dependency': 2.0.11
      '@smithy/middleware-content-length': 2.0.13
      '@smithy/middleware-endpoint': 2.1.2
      '@smithy/middleware-retry': 2.0.17
      '@smithy/middleware-serde': 2.0.11
      '@smithy/middleware-stack': 2.0.5
      '@smithy/node-config-provider': 2.1.2
      '@smithy/node-http-handler': 2.1.7
      '@smithy/property-provider': 2.0.12
      '@smithy/protocol-http': 3.0.7
      '@smithy/shared-ini-file-loader': 2.2.1
      '@smithy/smithy-client': 2.1.11
      '@smithy/types': 2.3.5
      '@smithy/url-parser': 2.0.11
      '@smithy/util-base64': 2.0.0
      '@smithy/util-body-length-browser': 2.0.0
      '@smithy/util-body-length-node': 2.1.0
      '@smithy/util-defaults-mode-browser': 2.0.15
      '@smithy/util-defaults-mode-node': 2.0.20
      '@smithy/util-retry': 2.0.4
      '@smithy/util-utf8': 2.0.0
      tslib: 2.6.2
    transitivePeerDependencies:
      - aws-crt
    dev: false

  /@aws-sdk/types@3.428.0:
    resolution: {integrity: sha512-4T0Ps2spjg3qbWE6ZK13Vd3FnzpfliaiotqjxUK5YhjDrKXeT36HJp46JhDupElQuHtTkpdiJOSYk2lvY2H4IA==}
    engines: {node: '>=14.0.0'}
    dependencies:
      '@smithy/types': 2.3.5
      tslib: 2.6.2
    dev: false

  /@aws-sdk/util-endpoints@3.428.0:
    resolution: {integrity: sha512-ToKMhYlUWJ0YrbggpJLZeyZZNDXtQ4NITxqo/oeGltTT9KG4o/LqVY59EveV0f8P32ObDyj9Vh1mnjxeo3DxGw==}
    engines: {node: '>=14.0.0'}
    dependencies:
      '@aws-sdk/types': 3.428.0
      tslib: 2.6.2
    dev: false

  /@aws-sdk/util-locate-window@3.310.0:
    resolution: {integrity: sha512-qo2t/vBTnoXpjKxlsC2e1gBrRm80M3bId27r0BRB2VniSSe7bL1mmzM+/HFtujm0iAxtPM+aLEflLJlJeDPg0w==}
    engines: {node: '>=14.0.0'}
    dependencies:
      tslib: 2.6.2
    dev: false

  /@aws-sdk/util-user-agent-browser@3.428.0:
    resolution: {integrity: sha512-qlc2UoGsmCpuh1ErY3VayZuAGl74TWWcLmhhQMkeByFSb6KooBlwOmDpDzJRtgwJoe0KXnyHBO6lzl9iczcozg==}
    dependencies:
      '@aws-sdk/types': 3.428.0
      '@smithy/types': 2.3.5
      bowser: 2.11.0
      tslib: 2.6.2
    dev: false

  /@aws-sdk/util-user-agent-node@3.428.0:
    resolution: {integrity: sha512-s721C3H8TkNd0usWLPEAy7yW2lEglR8QAYojdQGzE0e0wymc671nZAFePSZFRtmqZiFOSfk0R602L5fDbP3a8Q==}
    engines: {node: '>=14.0.0'}
    peerDependencies:
      aws-crt: '>=1.0.0'
    peerDependenciesMeta:
      aws-crt:
        optional: true
    dependencies:
      '@aws-sdk/types': 3.428.0
      '@smithy/node-config-provider': 2.1.2
      '@smithy/types': 2.3.5
      tslib: 2.6.2
    dev: false

  /@aws-sdk/util-utf8-browser@3.259.0:
    resolution: {integrity: sha512-UvFa/vR+e19XookZF8RzFZBrw2EUkQWxiBW0yYQAhvk3C+QVGl0H3ouca8LDBlBfQKXwmW3huo/59H8rwb1wJw==}
    dependencies:
      tslib: 2.6.2
    dev: false

  /@cspotcode/source-map-support@0.8.1:
    resolution: {integrity: sha512-IchNf6dN4tHoMFIn/7OE8LWZ19Y6q/67Bmf6vnGREv8RSbBVb9LPJxEcnwrcwX6ixSvaiGoomAUvu4YSxXrVgw==}
    engines: {node: '>=12'}
    dependencies:
      '@jridgewell/trace-mapping': 0.3.9
    dev: true

  /@jridgewell/resolve-uri@3.1.1:
    resolution: {integrity: sha512-dSYZh7HhCDtCKm4QakX0xFpsRDqjjtZf/kjI/v3T3Nwt5r8/qz/M19F9ySyOqU94SXBmeG9ttTul+YnR4LOxFA==}
    engines: {node: '>=6.0.0'}
    dev: true

  /@jridgewell/sourcemap-codec@1.4.15:
    resolution: {integrity: sha512-eF2rxCRulEKXHTRiDrDy6erMYWqNw4LPdQ8UQA4huuxaQsVeRPFl2oM8oDGxMFhJUWZf9McpLtJasDDZb/Bpeg==}
    dev: true

  /@jridgewell/trace-mapping@0.3.9:
    resolution: {integrity: sha512-3Belt6tdc8bPgAtbcmdtNJlirVoTmEb5e2gC94PnkwEW9jI6CAHUeoG85tjWP5WquqfavoMtMwiG4P926ZKKuQ==}
    dependencies:
      '@jridgewell/resolve-uri': 3.1.1
      '@jridgewell/sourcemap-codec': 1.4.15
    dev: true

  /@smithy/abort-controller@2.0.11:
    resolution: {integrity: sha512-MSzE1qR2JNyb7ot3blIOT3O3H0Jn06iNDEgHRaqZUwBgx5EG+VIx24Y21tlKofzYryIOcWpIohLrIIyocD6LMA==}
    engines: {node: '>=14.0.0'}
    dependencies:
      '@smithy/types': 2.3.5
      tslib: 2.6.2
    dev: false

  /@smithy/config-resolver@2.0.15:
    resolution: {integrity: sha512-a2Pfocla5nSrG2RyB8i20jcWgMyR71TUeFKm8pmrnZotr/X22tlg4y/EhSvBK2oTE8MKHlKh4YdpDO2AryJbGQ==}
    engines: {node: '>=14.0.0'}
    dependencies:
      '@smithy/node-config-provider': 2.1.2
      '@smithy/types': 2.3.5
      '@smithy/util-config-provider': 2.0.0
      '@smithy/util-middleware': 2.0.4
      tslib: 2.6.2
    dev: false

  /@smithy/credential-provider-imds@2.0.17:
    resolution: {integrity: sha512-2XcD414yrwbxxuYueTo7tzLC2/w3jj9FZqfenpv3MQkocdOEmuOVS0v9WHsY/nW6V+2EcR340rj/z5HnvsHncQ==}
    engines: {node: '>=14.0.0'}
    dependencies:
      '@smithy/node-config-provider': 2.1.2
      '@smithy/property-provider': 2.0.12
      '@smithy/types': 2.3.5
      '@smithy/url-parser': 2.0.11
      tslib: 2.6.2
    dev: false

  /@smithy/eventstream-codec@2.0.11:
    resolution: {integrity: sha512-BQCTjxhCYRZIfXapa2LmZSaH8QUBGwMZw7XRN83hrdixbLjIcj+o549zjkedFS07Ve2TlvWUI6BTzP+nv7snBA==}
    dependencies:
      '@aws-crypto/crc32': 3.0.0
      '@smithy/types': 2.3.5
      '@smithy/util-hex-encoding': 2.0.0
      tslib: 2.6.2
    dev: false

  /@smithy/fetch-http-handler@2.2.3:
    resolution: {integrity: sha512-0G9sePU+0R+8d7cie+OXzNbbkjnD4RfBlVCs46ZEuQAMcxK8OniemYXSSkOc80CCk8Il4DnlYZcUSvsIs2OB2w==}
    dependencies:
      '@smithy/protocol-http': 3.0.7
      '@smithy/querystring-builder': 2.0.11
      '@smithy/types': 2.3.5
      '@smithy/util-base64': 2.0.0
      tslib: 2.6.2
    dev: false

  /@smithy/hash-node@2.0.11:
    resolution: {integrity: sha512-PbleVugN2tbhl1ZoNWVrZ1oTFFas/Hq+s6zGO8B9bv4w/StTriTKA9W+xZJACOj9X7zwfoTLbscM+avCB1KqOQ==}
    engines: {node: '>=14.0.0'}
    dependencies:
      '@smithy/types': 2.3.5
      '@smithy/util-buffer-from': 2.0.0
      '@smithy/util-utf8': 2.0.0
      tslib: 2.6.2
    dev: false

  /@smithy/invalid-dependency@2.0.11:
    resolution: {integrity: sha512-zazq99ujxYv/NOf9zh7xXbNgzoVLsqE0wle8P/1zU/XdhPi/0zohTPKWUzIxjGdqb5hkkwfBkNkl5H+LE0mvgw==}
    dependencies:
      '@smithy/types': 2.3.5
      tslib: 2.6.2
    dev: false

  /@smithy/is-array-buffer@2.0.0:
    resolution: {integrity: sha512-z3PjFjMyZNI98JFRJi/U0nGoLWMSJlDjAW4QUX2WNZLas5C0CmVV6LJ01JI0k90l7FvpmixjWxPFmENSClQ7ug==}
    engines: {node: '>=14.0.0'}
    dependencies:
      tslib: 2.6.2
    dev: false

  /@smithy/middleware-content-length@2.0.13:
    resolution: {integrity: sha512-Md2kxWpaec3bXp1oERFPQPBhOXCkGSAF7uc1E+4rkwjgw3/tqAXRtbjbggu67HJdwaif76As8AV6XxbD1HzqTQ==}
    engines: {node: '>=14.0.0'}
    dependencies:
      '@smithy/protocol-http': 3.0.7
      '@smithy/types': 2.3.5
      tslib: 2.6.2
    dev: false

  /@smithy/middleware-endpoint@2.1.2:
    resolution: {integrity: sha512-dua4r2EbSTRzNefz72snz+KDuXN73RCe1K+rGeemzUyYemxuh1jujFbLQbTU6DVlTgHkhtrbH0+kdOFY/SV4Qg==}
    engines: {node: '>=14.0.0'}
    dependencies:
      '@smithy/middleware-serde': 2.0.11
      '@smithy/node-config-provider': 2.1.2
      '@smithy/shared-ini-file-loader': 2.2.1
      '@smithy/types': 2.3.5
      '@smithy/url-parser': 2.0.11
      '@smithy/util-middleware': 2.0.4
      tslib: 2.6.2
    dev: false

  /@smithy/middleware-retry@2.0.17:
    resolution: {integrity: sha512-ZYVU1MmshCTbEKTNc5h7/Pps1vhH5C7hRclQWnAbVYKkIT+PEGu9dSVqprzEo/nlMA8Zv4Dj5Y+fv3pRnUwElw==}
    engines: {node: '>=14.0.0'}
    dependencies:
      '@smithy/node-config-provider': 2.1.2
      '@smithy/protocol-http': 3.0.7
      '@smithy/service-error-classification': 2.0.4
      '@smithy/types': 2.3.5
      '@smithy/util-middleware': 2.0.4
      '@smithy/util-retry': 2.0.4
      tslib: 2.6.2
      uuid: 8.3.2
    dev: false

  /@smithy/middleware-serde@2.0.11:
    resolution: {integrity: sha512-NuxnjMyf4zQqhwwdh0OTj5RqpnuT6HcH5Xg5GrPijPcKzc2REXVEVK4Yyk8ckj8ez1XSj/bCmJ+oNjmqB02GWA==}
    engines: {node: '>=14.0.0'}
    dependencies:
      '@smithy/types': 2.3.5
      tslib: 2.6.2
    dev: false

  /@smithy/middleware-stack@2.0.5:
    resolution: {integrity: sha512-bVQU/rZzBY7CbSxIrDTGZYnBWKtIw+PL/cRc9B7etZk1IKSOe0NvKMJyWllfhfhrTeMF6eleCzOihIQympAvPw==}
    engines: {node: '>=14.0.0'}
    dependencies:
      '@smithy/types': 2.3.5
      tslib: 2.6.2
    dev: false

  /@smithy/node-config-provider@2.1.2:
    resolution: {integrity: sha512-tbYh/JK/ddxKWYTtjLgap0juyivJ0wCvywMqINb54zyOVHoKYM6iYl7DosQA0owFaNp6GAx1lXFjqGz7L2fAqA==}
    engines: {node: '>=14.0.0'}
    dependencies:
      '@smithy/property-provider': 2.0.12
      '@smithy/shared-ini-file-loader': 2.2.1
      '@smithy/types': 2.3.5
      tslib: 2.6.2
    dev: false

  /@smithy/node-http-handler@2.1.7:
    resolution: {integrity: sha512-PQIKZXlp3awCDn/xNlCSTFE7aYG/5Tx33M05NfQmWYeB5yV1GZZOSz4dXpwiNJYTXb9jPqjl+ueXXkwtEluFFA==}
    engines: {node: '>=14.0.0'}
    dependencies:
      '@smithy/abort-controller': 2.0.11
      '@smithy/protocol-http': 3.0.7
      '@smithy/querystring-builder': 2.0.11
      '@smithy/types': 2.3.5
      tslib: 2.6.2
    dev: false

  /@smithy/property-provider@2.0.12:
    resolution: {integrity: sha512-Un/OvvuQ1Kg8WYtoMCicfsFFuHb/TKL3pCA6ZIo/WvNTJTR94RtoRnL7mY4XkkUAoFMyf6KjcQJ76y1FX7S5rw==}
    engines: {node: '>=14.0.0'}
    dependencies:
      '@smithy/types': 2.3.5
      tslib: 2.6.2
    dev: false

  /@smithy/protocol-http@3.0.7:
    resolution: {integrity: sha512-HnZW8y+r66ntYueCDbLqKwWcMNWW8o3eVpSrHNluwtBJ/EUWfQHRKSiu6vZZtc6PGfPQWgVfucoCE/C3QufMAA==}
    engines: {node: '>=14.0.0'}
    dependencies:
      '@smithy/types': 2.3.5
      tslib: 2.6.2
    dev: false

  /@smithy/querystring-builder@2.0.11:
    resolution: {integrity: sha512-b4kEbVMxpmfv2VWUITn2otckTi7GlMteZQxi+jlwedoATOGEyrCJPfRcYQJjbCi3fZ2QTfh3PcORvB27+j38Yg==}
    engines: {node: '>=14.0.0'}
    dependencies:
      '@smithy/types': 2.3.5
      '@smithy/util-uri-escape': 2.0.0
      tslib: 2.6.2
    dev: false

  /@smithy/querystring-parser@2.0.11:
    resolution: {integrity: sha512-YXe7jhi7s3dQ0Fu9dLoY/gLu6NCyy8tBWJL/v2c9i7/RLpHgKT+uT96/OqZkHizCJ4kr0ZD46tzMjql/o60KLg==}
    engines: {node: '>=14.0.0'}
    dependencies:
      '@smithy/types': 2.3.5
      tslib: 2.6.2
    dev: false

  /@smithy/service-error-classification@2.0.4:
    resolution: {integrity: sha512-77506l12I5gxTZqBkx3Wb0RqMG81bMYLaVQ+EqIWFwQDJRs5UFeXogKxSKojCmz1wLUziHZQXm03MBzPQiumQw==}
    engines: {node: '>=14.0.0'}
    dependencies:
      '@smithy/types': 2.3.5
    dev: false

  /@smithy/shared-ini-file-loader@2.2.1:
    resolution: {integrity: sha512-eAYajwo2eTTVU5KPX90+V6ccfrWphrzcUwOt7n9pLOMBO0fOKlRVshbvCBqfRCxEn7OYDGH6TsL3yrx+hAjddA==}
    engines: {node: '>=14.0.0'}
    dependencies:
      '@smithy/types': 2.3.5
      tslib: 2.6.2
    dev: false

  /@smithy/signature-v4@2.0.11:
    resolution: {integrity: sha512-EFVU1dT+2s8xi227l1A9O27edT/GNKvyAK6lZnIZ0zhIHq/jSLznvkk15aonGAM1kmhmZBVGpI7Tt0odueZK9A==}
    engines: {node: '>=14.0.0'}
    dependencies:
      '@smithy/eventstream-codec': 2.0.11
      '@smithy/is-array-buffer': 2.0.0
      '@smithy/types': 2.3.5
      '@smithy/util-hex-encoding': 2.0.0
      '@smithy/util-middleware': 2.0.4
      '@smithy/util-uri-escape': 2.0.0
      '@smithy/util-utf8': 2.0.0
      tslib: 2.6.2
    dev: false

  /@smithy/smithy-client@2.1.11:
    resolution: {integrity: sha512-okjMbuBBCTiieK665OFN/ap6u9+Z9z55PMphS5FYCsS6Zfp137Q3qlnt0OgBAnUVnH/mNGyoJV0LBX9gkTWptg==}
    engines: {node: '>=14.0.0'}
    dependencies:
      '@smithy/middleware-stack': 2.0.5
      '@smithy/types': 2.3.5
      '@smithy/util-stream': 2.0.16
      tslib: 2.6.2
    dev: false

  /@smithy/types@2.3.5:
    resolution: {integrity: sha512-ehyDt8M9hehyxrLQGoA1BGPou8Js1Ocoh5M0ngDhJMqbFmNK5N6Xhr9/ZExWkyIW8XcGkiMPq3ZUEE0ScrhbuQ==}
    engines: {node: '>=14.0.0'}
    dependencies:
      tslib: 2.6.2
    dev: false

  /@smithy/url-parser@2.0.11:
    resolution: {integrity: sha512-h89yXMCCF+S5k9XIoKltMIWTYj+FcEkU/IIFZ6RtE222fskOTL4Iak6ZRG+ehSvZDt8yKEcxqheTDq7JvvtK3g==}
    dependencies:
      '@smithy/querystring-parser': 2.0.11
      '@smithy/types': 2.3.5
      tslib: 2.6.2
    dev: false

  /@smithy/util-base64@2.0.0:
    resolution: {integrity: sha512-Zb1E4xx+m5Lud8bbeYi5FkcMJMnn+1WUnJF3qD7rAdXpaL7UjkFQLdmW5fHadoKbdHpwH9vSR8EyTJFHJs++tA==}
    engines: {node: '>=14.0.0'}
    dependencies:
      '@smithy/util-buffer-from': 2.0.0
      tslib: 2.6.2
    dev: false

  /@smithy/util-body-length-browser@2.0.0:
    resolution: {integrity: sha512-JdDuS4ircJt+FDnaQj88TzZY3+njZ6O+D3uakS32f2VNnDo3vyEuNdBOh/oFd8Df1zSZOuH1HEChk2AOYDezZg==}
    dependencies:
      tslib: 2.6.2
    dev: false

  /@smithy/util-body-length-node@2.1.0:
    resolution: {integrity: sha512-/li0/kj/y3fQ3vyzn36NTLGmUwAICb7Jbe/CsWCktW363gh1MOcpEcSO3mJ344Gv2dqz8YJCLQpb6hju/0qOWw==}
    engines: {node: '>=14.0.0'}
    dependencies:
      tslib: 2.6.2
    dev: false

  /@smithy/util-buffer-from@2.0.0:
    resolution: {integrity: sha512-/YNnLoHsR+4W4Vf2wL5lGv0ksg8Bmk3GEGxn2vEQt52AQaPSCuaO5PM5VM7lP1K9qHRKHwrPGktqVoAHKWHxzw==}
    engines: {node: '>=14.0.0'}
    dependencies:
      '@smithy/is-array-buffer': 2.0.0
      tslib: 2.6.2
    dev: false

  /@smithy/util-config-provider@2.0.0:
    resolution: {integrity: sha512-xCQ6UapcIWKxXHEU4Mcs2s7LcFQRiU3XEluM2WcCjjBtQkUN71Tb+ydGmJFPxMUrW/GWMgQEEGipLym4XG0jZg==}
    engines: {node: '>=14.0.0'}
    dependencies:
      tslib: 2.6.2
    dev: false

  /@smithy/util-defaults-mode-browser@2.0.15:
    resolution: {integrity: sha512-2raMZOYKSuke7QlDg/HDcxQdrp0zteJ8z+S0B9Rn23J55ZFNK1+IjG4HkN6vo/0u3Xy/JOdJ93ibiBSB8F7kOw==}
    engines: {node: '>= 10.0.0'}
    dependencies:
      '@smithy/property-provider': 2.0.12
      '@smithy/smithy-client': 2.1.11
      '@smithy/types': 2.3.5
      bowser: 2.11.0
      tslib: 2.6.2
    dev: false

  /@smithy/util-defaults-mode-node@2.0.20:
    resolution: {integrity: sha512-kJjcZ/Lzvs3sPDKBwlhZsFFcgPNIpB3CMb6/saCakawRzo0E+JkyS3ZZRjVR3ce29yHtwoP/0YLKC1PeH0Dffg==}
    engines: {node: '>= 10.0.0'}
    dependencies:
      '@smithy/config-resolver': 2.0.15
      '@smithy/credential-provider-imds': 2.0.17
      '@smithy/node-config-provider': 2.1.2
      '@smithy/property-provider': 2.0.12
      '@smithy/smithy-client': 2.1.11
      '@smithy/types': 2.3.5
      tslib: 2.6.2
    dev: false

  /@smithy/util-hex-encoding@2.0.0:
    resolution: {integrity: sha512-c5xY+NUnFqG6d7HFh1IFfrm3mGl29lC+vF+geHv4ToiuJCBmIfzx6IeHLg+OgRdPFKDXIw6pvi+p3CsscaMcMA==}
    engines: {node: '>=14.0.0'}
    dependencies:
      tslib: 2.6.2
    dev: false

  /@smithy/util-middleware@2.0.4:
    resolution: {integrity: sha512-Pbu6P4MBwRcjrLgdTR1O4Y3c0sTZn2JdOiJNcgL7EcIStcQodj+6ZTXtbyU/WTEU3MV2NMA10LxFc3AWHZ3+4A==}
    engines: {node: '>=14.0.0'}
    dependencies:
      '@smithy/types': 2.3.5
      tslib: 2.6.2
    dev: false

  /@smithy/util-retry@2.0.4:
    resolution: {integrity: sha512-b+n1jBBKc77C1E/zfBe1Zo7S9OXGBiGn55N0apfhZHxPUP/fMH5AhFUUcWaJh7NAnah284M5lGkBKuhnr3yK5w==}
    engines: {node: '>= 14.0.0'}
    dependencies:
      '@smithy/service-error-classification': 2.0.4
      '@smithy/types': 2.3.5
      tslib: 2.6.2
    dev: false

  /@smithy/util-stream@2.0.16:
    resolution: {integrity: sha512-b5ZSRh1KzUzC7LoJcpfk7+iXGoRr3WylEfmPd4FnBLm90OwxSB9VgK1fDZwicfYxSEvWHdYXgvvjPtenEYBBhw==}
    engines: {node: '>=14.0.0'}
    dependencies:
      '@smithy/fetch-http-handler': 2.2.3
      '@smithy/node-http-handler': 2.1.7
      '@smithy/types': 2.3.5
      '@smithy/util-base64': 2.0.0
      '@smithy/util-buffer-from': 2.0.0
      '@smithy/util-hex-encoding': 2.0.0
      '@smithy/util-utf8': 2.0.0
      tslib: 2.6.2
    dev: false

  /@smithy/util-uri-escape@2.0.0:
    resolution: {integrity: sha512-ebkxsqinSdEooQduuk9CbKcI+wheijxEb3utGXkCoYQkJnwTnLbH1JXGimJtUkQwNQbsbuYwG2+aFVyZf5TLaw==}
    engines: {node: '>=14.0.0'}
    dependencies:
      tslib: 2.6.2
    dev: false

  /@smithy/util-utf8@2.0.0:
    resolution: {integrity: sha512-rctU1VkziY84n5OXe3bPNpKR001ZCME2JCaBBFgtiM2hfKbHFudc/BkMuPab8hRbLd0j3vbnBTTZ1igBf0wgiQ==}
    engines: {node: '>=14.0.0'}
    dependencies:
      '@smithy/util-buffer-from': 2.0.0
      tslib: 2.6.2
    dev: false

  /@tsconfig/node10@1.0.9:
    resolution: {integrity: sha512-jNsYVVxU8v5g43Erja32laIDHXeoNvFEpX33OK4d6hljo3jDhCBDhx5dhCCTMWUojscpAagGiRkBKxpdl9fxqA==}
    dev: true

  /@tsconfig/node12@1.0.11:
    resolution: {integrity: sha512-cqefuRsh12pWyGsIoBKJA9luFu3mRxCA+ORZvA4ktLSzIuCUtWVxGIuXigEwO5/ywWFMZ2QEGKWvkZG1zDMTag==}
    dev: true

  /@tsconfig/node14@1.0.3:
    resolution: {integrity: sha512-ysT8mhdixWK6Hw3i1V2AeRqZ5WfXg1G43mqoYlM2nc6388Fq5jcXyr5mRsqViLx/GJYdoL0bfXD8nmF+Zn/Iow==}
    dev: true

  /@tsconfig/node16@1.0.4:
    resolution: {integrity: sha512-vxhUy4J8lyeyinH7Azl1pdd43GJhZH/tP2weN8TntQblOY+A0XbT8DJk1/oCPuOOyg/Ja757rG0CgHcWC8OfMA==}
    dev: true

  /@types/node@18.18.5:
    resolution: {integrity: sha512-4slmbtwV59ZxitY4ixUZdy1uRLf9eSIvBWPQxNjhHYWEtn0FryfKpyS2cvADYXTayWdKEIsJengncrVvkI4I6A==}
    dev: true

  /acorn-walk@8.2.0:
    resolution: {integrity: sha512-k+iyHEuPgSw6SbuDpGQM+06HQUa04DZ3o+F6CSzXMvvI5KMvnaEqXe+YVe555R9nn6GPt404fos4wcgpw12SDA==}
    engines: {node: '>=0.4.0'}
    dev: true

  /acorn@8.10.0:
    resolution: {integrity: sha512-F0SAmZ8iUtS//m8DmCTA0jlh6TDKkHQyK6xc6V4KDTyZKA9dnvX9/3sRTVQrWm79glUAZbnmmNcdYwUIHWVybw==}
    engines: {node: '>=0.4.0'}
    hasBin: true
    dev: true

  /arg@4.1.3:
    resolution: {integrity: sha512-58S9QDqG0Xx27YwPSt9fJxivjYl432YCwfDMfZ+71RAqUrZef7LrKQZ3LHLOwCS4FLNBplP533Zx895SeOCHvA==}
    dev: true

  /bowser@2.11.0:
    resolution: {integrity: sha512-AlcaJBi/pqqJBIQ8U9Mcpc9i8Aqxn88Skv5d+xBX006BY5u8N3mGLHa5Lgppa7L/HfwgwLgZ6NYs+Ag6uUmJRA==}
    dev: false

  /create-require@1.1.1:
    resolution: {integrity: sha512-dcKFX3jn0MpIaXjisoRvexIJVEKzaq7z2rZKxf+MSr9TkdmHmsU4m2lcLojrj/FHl8mk5VxMmYA+ftRkP/3oKQ==}
    dev: true

  /diff@4.0.2:
    resolution: {integrity: sha512-58lmxKSA4BNyLz+HHMUzlOEpg09FV+ev6ZMe3vJihgdxzgcwZ8VoEEPmALCZG9LmqfVoNMMKpttIYTVG6uDY7A==}
    engines: {node: '>=0.3.1'}
    dev: true

  /dotenv@16.3.1:
    resolution: {integrity: sha512-IPzF4w4/Rd94bA9imS68tZBaYyBWSCE47V1RGuMrB94iyTOIEwRmVL2x/4An+6mETpLrKJ5hQkB8W4kFAadeIQ==}
    engines: {node: '>=12'}
    dev: false

  /fast-xml-parser@4.2.5:
    resolution: {integrity: sha512-B9/wizE4WngqQftFPmdaMYlXoJlJOYxGQOanC77fq9k8+Z0v5dDSVh+3glErdIROP//s/jgb7ZuxKfB8nVyo0g==}
    hasBin: true
    dependencies:
      strnum: 1.0.5
    dev: false

  /make-error@1.3.6:
    resolution: {integrity: sha512-s8UhlNe7vPKomQhC1qFelMokr/Sc3AgNbso3n74mVPA5LTZwkB9NlXf4XPamLxJE8h0gh73rM94xvwRT2CVInw==}
    dev: true

  /strnum@1.0.5:
    resolution: {integrity: sha512-J8bbNyKKXl5qYcR36TIO8W3mVGVHrmmxsd5PAItGkmyzwJvybiw2IVq5nqd0i4LSNSkB/sx9VHllbfFdr9k1JA==}
    dev: false

  /ts-node@10.9.1(@types/node@18.18.5)(typescript@5.2.2):
    resolution: {integrity: sha512-NtVysVPkxxrwFGUUxGYhfux8k78pQB3JqYBXlLRZgdGUqTO5wU/UyHop5p70iEbGhB7q5KmiZiU0Y3KlJrScEw==}
    hasBin: true
    peerDependencies:
      '@swc/core': '>=1.2.50'
      '@swc/wasm': '>=1.2.50'
      '@types/node': '*'
      typescript: '>=2.7'
    peerDependenciesMeta:
      '@swc/core':
        optional: true
      '@swc/wasm':
        optional: true
    dependencies:
      '@cspotcode/source-map-support': 0.8.1
      '@tsconfig/node10': 1.0.9
      '@tsconfig/node12': 1.0.11
      '@tsconfig/node14': 1.0.3
      '@tsconfig/node16': 1.0.4
      '@types/node': 18.18.5
      acorn: 8.10.0
      acorn-walk: 8.2.0
      arg: 4.1.3
      create-require: 1.1.1
      diff: 4.0.2
      make-error: 1.3.6
      typescript: 5.2.2
      v8-compile-cache-lib: 3.0.1
      yn: 3.1.1
    dev: true

  /tslib@1.14.1:
    resolution: {integrity: sha512-Xni35NKzjgMrwevysHTCArtLDpPvye8zV/0E4EyYn43P7/7qvQwPh9BGkHewbMulVntbigmcT7rdX3BNo9wRJg==}
    dev: false

  /tslib@2.6.2:
    resolution: {integrity: sha512-AEYxH93jGFPn/a2iVAwW87VuUIkR1FVUKB77NwMF7nBTDkDrrT/Hpt/IrCJ0QXhW27jTBDcf5ZY7w6RiqTMw2Q==}
    dev: false

  /typescript@5.2.2:
    resolution: {integrity: sha512-mI4WrpHsbCIcwT9cF4FZvr80QUeKvsUsUvKDoR+X/7XHQH98xYD8YHZg7ANtz2GtZt/CBq2QJ0thkGJMHfqc1w==}
    engines: {node: '>=14.17'}
    hasBin: true
    dev: true

  /uuid@8.3.2:
    resolution: {integrity: sha512-+NYs2QeMWy+GWFOEm9xnn6HCDp0l7QBD7ml8zLUmJ+93Q5NF0NocErnwkTkXVFNiX3/fpC6afS8Dhb/gz7R7eg==}
    hasBin: true
    dev: false

  /v8-compile-cache-lib@3.0.1:
    resolution: {integrity: sha512-wa7YjyUGfNZngI/vtK0UHAN+lgDCxBPCylVXGp0zu59Fz5aiGtNXaq3DhIov063MorB+VfufLh3JlF2KdTK3xg==}
    dev: true

  /yn@3.1.1:
    resolution: {integrity: sha512-Ux4ygGWsu2c7isFWe8Yu1YluJmqVhxqK2cLXNQA5AcC3QfbGNpM7fu0Y8b/z16pXLnFxZYvWhd3fhBY9DLmC6Q==}
    engines: {node: '>=6'}
    dev: true
